version = 1
revision = 1
requires-python = ">=3.12"

[[package]]
name = "aiomysql"
version = "0.3.2"
source = { registry = "https://pypi.org/simple" }
dependencies = [
    { name = "pymysql" },
]
sdist = { url = "https://files.pythonhosted.org/packages/29/e0/302aeffe8d90853556f47f3106b89c16cc2ec2a4d269bdfd82e3f4ae12cc/aiomysql-0.3.2.tar.gz", hash = "sha256:72d15ef5cfc34c03468eb41e1b90adb9fd9347b0b589114bd23ead569a02ac1a", size = 108311 }
wheels = [
    { url = "https://files.pythonhosted.org/packages/4c/af/aae0153c3e28712adaf462328f6c7a3c196a1c1c27b491de4377dd3e6b52/aiomysql-0.3.2-py3-none-any.whl", hash = "sha256:c82c5ba04137d7afd5c693a258bea8ead2aad77101668044143a991e04632eb2", size = 71834 },
]

[[package]]
name = "mysql-character-update"
version = "0.1.0"
source = { virtual = "." }
dependencies = [
    { name = "aiomysql" },
    { name = "python-dotenv" },
]

[package.metadata]
requires-dist = [
    { name = "aiomysql", specifier = "==0.3.2" },
    { name = "python-dotenv", specifier = ">=1.0.0" },
]

[[package]]
name = "pymysql"
version = "1.1.2"
source = { registry = "https://pypi.org/simple" }
sdist = { url = "https://files.pythonhosted.org/packages/f5/ae/1fe3fcd9f959efa0ebe200b8de88b5a5ce3e767e38c7ac32fb179f16a388/pymysql-1.1.2.tar.gz", hash = "sha256:4961d3e165614ae65014e361811a724e2044ad3ea3739de9903ae7c21f539f03", size = 48258 }
wheels = [
    { url = "https://files.pythonhosted.org/packages/7c/4c/ad33b92b9864cbde84f259d5df035a6447f91891f5be77788e2a3892bce3/pymysql-1.1.2-py3-none-any.whl", hash = "sha256:e6b1d89711dd51f8f74b1631fe08f039e7d76cf67a42a323d3178f0f25762ed9", size = 45300 },
]

[[package]]
name = "python-dotenv"
version = "1.2.1"
source = { registry = "https://pypi.org/simple" }
sdist = { url = "https://files.pythonhosted.org/packages/f0/26/19cadc79a718c5edbec86fd4919a6b6d3f681039a2f6d66d14be94e75fb9/python_dotenv-1.2.1.tar.gz", hash = "sha256:42667e897e16ab0d66954af0e60a9caa94f0fd4ecf3aaf6d2d260eec1aa36ad6", size = 44221 }
wheels = [
    { url = "https://files.pythonhosted.org/packages/14/1b/a298b06749107c305e1fe0f814c6c74aea7b2f1e10989cb30f544a1b3253/python_dotenv-1.2.1-py3-none-any.whl", hash = "sha256:b81ee9561e9ca4004139c6cbba3a238c32b03e4894671e181b671e8cb8425d61", size = 21230 },
]
